
Microsoft Visual Studio Solution File, Format Version 12.00
# Visual Studio Version 17
VisualStudioVersion = 17.0.32112.339
MinimumVisualStudioVersion = 10.0.40219.1
Project("{2150E333-8FDC-42A3-9474-1A3956D46DE8}") = "services", "services", "{ED0A7918-04FA-4040-B641-4CA249074083}"
EndProject
Project("{9A19103F-16F7-4668-BE54-9A1E7A4F7556}") = "CollectEverything.Administration.HttpApi.Host", "services\administration\host\CollectEverything.Administration.HttpApi.Host\CollectEverything.Administration.HttpApi.Host.csproj", "{CADB7619-5AB5-46D1-84C4-7EEDFD18509F}"
EndProject
Project("{9A19103F-16F7-4668-BE54-9A1E7A4F7556}") = "CollectEverything.IdentityService.HttpApi.Host", "services\identity\host\CollectEverything.IdentityService.HttpApi.Host\CollectEverything.IdentityService.HttpApi.Host.csproj", "{1D43BBF7-CB00-4D5B-9846-8BE2FA479F47}"
EndProject
Project("{9A19103F-16F7-4668-BE54-9A1E7A4F7556}") = "CollectEverything.SaaS.HttpApi.Host", "services\saas\host\CollectEverything.SaaS.HttpApi.Host\CollectEverything.SaaS.HttpApi.Host.csproj", "{C4CCD733-6236-4A1B-8F1A-C9315CD43A16}"
EndProject
Project("{2150E333-8FDC-42A3-9474-1A3956D46DE8}") = "shared", "shared", "{140ED621-3D93-4523-8B62-BE6850E04698}"
EndProject
Project("{2150E333-8FDC-42A3-9474-1A3956D46DE8}") = "apps", "apps", "{79065DE8-D7FB-40A5-980B-A0841A208B38}"
EndProject
Project("{2150E333-8FDC-42A3-9474-1A3956D46DE8}") = "administration", "administration", "{41A0F838-9326-4CF7-BD2D-341017988953}"
EndProject
Project("{2150E333-8FDC-42A3-9474-1A3956D46DE8}") = "sass", "sass", "{5F5DCA12-3FCD-4BCA-81A1-E0989757A660}"
EndProject
Project("{2150E333-8FDC-42A3-9474-1A3956D46DE8}") = "identity", "identity", "{80C4C128-1F05-4376-9E2D-855D11FEE650}"
EndProject
Project("{2150E333-8FDC-42A3-9474-1A3956D46DE8}") = "project", "project", "{2851429B-E91C-4710-B415-10A6DB96EE73}"
EndProject
Project("{9A19103F-16F7-4668-BE54-9A1E7A4F7556}") = "CollectEverything.Projects.HttpApi.Host", "services\projects\host\CollectEverything.Projects.HttpApi.Host\CollectEverything.Projects.HttpApi.Host.csproj", "{662AD7C0-D8A9-41FE-81C2-D14E09E0E625}"
EndProject
Project("{9A19103F-16F7-4668-BE54-9A1E7A4F7556}") = "CollectEverything.Projects.Application", "services\projects\src\CollectEverything.Projects.Application\CollectEverything.Projects.Application.csproj", "{5EBB7912-EC1B-4F51-BBD3-E9B1596E9943}"
EndProject
Project("{9A19103F-16F7-4668-BE54-9A1E7A4F7556}") = "CollectEverything.Projects.Application.Contracts", "services\projects\src\CollectEverything.Projects.Application.Contracts\CollectEverything.Projects.Application.Contracts.csproj", "{237EA072-8CEB-4FE3-8D06-3911EBD9BF05}"
EndProject
Project("{9A19103F-16F7-4668-BE54-9A1E7A4F7556}") = "CollectEverything.Projects.Domain", "services\projects\src\CollectEverything.Projects.Domain\CollectEverything.Projects.Domain.csproj", "{C5BD5540-6773-4494-82BB-F10A9FAEAAE5}"
EndProject
Project("{9A19103F-16F7-4668-BE54-9A1E7A4F7556}") = "CollectEverything.Projects.Domain.Shared", "services\projects\src\CollectEverything.Projects.Domain.Shared\CollectEverything.Projects.Domain.Shared.csproj", "{2D2505D8-8539-4C1A-99B8-F25A88C47129}"
EndProject
Project("{9A19103F-16F7-4668-BE54-9A1E7A4F7556}") = "CollectEverything.Projects.EntityFrameworkCore", "services\projects\src\CollectEverything.Projects.EntityFrameworkCore\CollectEverything.Projects.EntityFrameworkCore.csproj", "{8525C031-819E-4D4E-8374-30B5F48274AD}"
EndProject
Project("{9A19103F-16F7-4668-BE54-9A1E7A4F7556}") = "CollectEverything.Projects.HttpApi", "services\projects\src\CollectEverything.Projects.HttpApi\CollectEverything.Projects.HttpApi.csproj", "{0D121C5F-22C8-4657-B43E-9C8B34A4C41E}"
EndProject
Project("{9A19103F-16F7-4668-BE54-9A1E7A4F7556}") = "CollectEverything.DbMigrator", "shared\CollectEverything.DbMigrator\CollectEverything.DbMigrator.csproj", "{D6921133-0AFF-4473-A469-7F2226AB5C1F}"
EndProject
Project("{9A19103F-16F7-4668-BE54-9A1E7A4F7556}") = "CollectEverything.IdentityService.Application", "services\identity\src\CollectEverything.IdentityService.Application\CollectEverything.IdentityService.Application.csproj", "{FF4727FF-93BA-4689-83FA-99D59DE571CA}"
EndProject
Project("{9A19103F-16F7-4668-BE54-9A1E7A4F7556}") = "CollectEverything.IdentityService.Application.Contracts", "services\identity\src\CollectEverything.IdentityService.Application.Contracts\CollectEverything.IdentityService.Application.Contracts.csproj", "{B38A5710-2E78-4716-B06E-6CA1735D63AF}"
EndProject
Project("{9A19103F-16F7-4668-BE54-9A1E7A4F7556}") = "CollectEverything.IdentityService.Domain", "services\identity\src\CollectEverything.IdentityService.Domain\CollectEverything.IdentityService.Domain.csproj", "{D6645377-25A1-4F6E-836B-F7188DE9B9B8}"
EndProject
Project("{9A19103F-16F7-4668-BE54-9A1E7A4F7556}") = "CollectEverything.IdentityService.Domain.Shared", "services\identity\src\CollectEverything.IdentityService.Domain.Shared\CollectEverything.IdentityService.Domain.Shared.csproj", "{CDC30E5B-C762-4AD0-87CF-174BCB2D5240}"
EndProject
Project("{9A19103F-16F7-4668-BE54-9A1E7A4F7556}") = "CollectEverything.IdentityService.EntityFrameworkCore", "services\identity\src\CollectEverything.IdentityService.EntityFrameworkCore\CollectEverything.IdentityService.EntityFrameworkCore.csproj", "{9E6D8AF7-DB35-49E7-80C4-45D5BC93C95B}"
EndProject
Project("{9A19103F-16F7-4668-BE54-9A1E7A4F7556}") = "CollectEverything.IdentityService.HttpApi", "services\identity\src\CollectEverything.IdentityService.HttpApi\CollectEverything.IdentityService.HttpApi.csproj", "{735A242C-5BE3-4B75-B141-173A52182CD1}"
EndProject
Project("{9A19103F-16F7-4668-BE54-9A1E7A4F7556}") = "CollectEverything.IdentityService.HttpApi.Client", "services\identity\src\CollectEverything.IdentityService.HttpApi.Client\CollectEverything.IdentityService.HttpApi.Client.csproj", "{E3947A5A-32CA-4A8F-A494-0335B6FFCED6}"
EndProject
Project("{9A19103F-16F7-4668-BE54-9A1E7A4F7556}") = "CollectEverything.Projects.HttpApi.Client", "services\projects\src\CollectEverything.Projects.HttpApi.Client\CollectEverything.Projects.HttpApi.Client.csproj", "{53C2DB69-20D0-4B82-BA64-7A2EB4373AAA}"
EndProject
Project("{9A19103F-16F7-4668-BE54-9A1E7A4F7556}") = "CollectEverything.Administration.Application", "services\administration\src\CollectEverything.Administration.Application\CollectEverything.Administration.Application.csproj", "{E25C2888-E196-4717-8C47-DAB80C301FFB}"
EndProject
Project("{9A19103F-16F7-4668-BE54-9A1E7A4F7556}") = "CollectEverything.Administration.Application.Contracts", "services\administration\src\CollectEverything.Administration.Application.Contracts\CollectEverything.Administration.Application.Contracts.csproj", "{38027549-A311-47B2-9387-D3AE1E7E6A3A}"
EndProject
Project("{9A19103F-16F7-4668-BE54-9A1E7A4F7556}") = "CollectEverything.Administration.Domain", "services\administration\src\CollectEverything.Administration.Domain\CollectEverything.Administration.Domain.csproj", "{10AACD25-59EF-4AA2-9571-8B8DF7268A50}"
EndProject
Project("{9A19103F-16F7-4668-BE54-9A1E7A4F7556}") = "CollectEverything.Administration.Domain.Shared", "services\administration\src\CollectEverything.Administration.Domain.Shared\CollectEverything.Administration.Domain.Shared.csproj", "{C6236ACA-B48B-40CD-9302-BDE1CFFAE865}"
EndProject
Project("{9A19103F-16F7-4668-BE54-9A1E7A4F7556}") = "CollectEverything.Administration.EntityFrameworkCore", "services\administration\src\CollectEverything.Administration.EntityFrameworkCore\CollectEverything.Administration.EntityFrameworkCore.csproj", "{260CE1B8-9FC4-4D83-B6C1-6206EC2FAF27}"
EndProject
Project("{9A19103F-16F7-4668-BE54-9A1E7A4F7556}") = "CollectEverything.Administration.HttpApi", "services\administration\src\CollectEverything.Administration.HttpApi\CollectEverything.Administration.HttpApi.csproj", "{FDBBA5C6-57D2-4ABB-AA88-5080D25487B4}"
EndProject
Project("{9A19103F-16F7-4668-BE54-9A1E7A4F7556}") = "CollectEverything.Administration.HttpApi.Client", "services\administration\src\CollectEverything.Administration.HttpApi.Client\CollectEverything.Administration.HttpApi.Client.csproj", "{5861F4A6-A634-4DE7-A076-55D242E9033C}"
EndProject
Project("{9A19103F-16F7-4668-BE54-9A1E7A4F7556}") = "CollectEverything.SaaS.Application", "services\saas\src\CollectEverything.SaaS.Application\CollectEverything.SaaS.Application.csproj", "{D93A7237-5AD5-4E38-B3E4-D59778FD7AB9}"
EndProject
Project("{9A19103F-16F7-4668-BE54-9A1E7A4F7556}") = "CollectEverything.SaaS.Application.Contracts", "services\saas\src\CollectEverything.SaaS.Application.Contracts\CollectEverything.SaaS.Application.Contracts.csproj", "{BC71BC5B-06EE-4312-A6B1-1377204DCEF9}"
EndProject
Project("{9A19103F-16F7-4668-BE54-9A1E7A4F7556}") = "CollectEverything.SaaS.Domain", "services\saas\src\CollectEverything.SaaS.Domain\CollectEverything.SaaS.Domain.csproj", "{BB55911F-7CCE-4978-B172-211C28A29001}"
EndProject
Project("{9A19103F-16F7-4668-BE54-9A1E7A4F7556}") = "CollectEverything.SaaS.Domain.Shared", "services\saas\src\CollectEverything.SaaS.Domain.Shared\CollectEverything.SaaS.Domain.Shared.csproj", "{BAABFE36-E654-4285-94BB-4F61CE5F17D9}"
EndProject
Project("{9A19103F-16F7-4668-BE54-9A1E7A4F7556}") = "CollectEverything.SaaS.EntityFrameworkCore", "services\saas\src\CollectEverything.SaaS.EntityFrameworkCore\CollectEverything.SaaS.EntityFrameworkCore.csproj", "{388B726E-4F46-47E0-BFD6-55CBBC9ECF91}"
EndProject
Project("{9A19103F-16F7-4668-BE54-9A1E7A4F7556}") = "CollectEverything.SaaS.HttpApi", "services\saas\src\CollectEverything.SaaS.HttpApi\CollectEverything.SaaS.HttpApi.csproj", "{5113A8EA-CED9-4FF9-9797-CBDB3A86AA33}"
EndProject
Project("{9A19103F-16F7-4668-BE54-9A1E7A4F7556}") = "CollectEverything.SaaS.HttpApi.Client", "services\saas\src\CollectEverything.SaaS.HttpApi.Client\CollectEverything.SaaS.HttpApi.Client.csproj", "{77818554-DE25-4638-933A-C4C3FBFB8DE3}"
EndProject
Project("{9A19103F-16F7-4668-BE54-9A1E7A4F7556}") = "CollectEverything.Microservice.Shared", "shared\CollectEverything.Microservice.Shared\CollectEverything.Microservice.Shared.csproj", "{142C264D-AA69-4AF5-B62B-C596282C2645}"
EndProject
Project("{9A19103F-16F7-4668-BE54-9A1E7A4F7556}") = "CollectEverything.Hosting.Shared", "shared\CollectEverything.Hosting.Shared\CollectEverything.Hosting.Shared.csproj", "{14078787-9BEA-40B7-B9A6-C5FFE1DA55A9}"
EndProject
Project("{2150E333-8FDC-42A3-9474-1A3956D46DE8}") = "Solution Items", "Solution Items", "{8D0555B6-9418-4373-AAD5-74BC25768D9D}"
	ProjectSection(SolutionItems) = preProject
		.editorconfig = .editorconfig
		tye.yaml = tye.yaml
	EndProjectSection
EndProject
Project("{2150E333-8FDC-42A3-9474-1A3956D46DE8}") = "gateway", "gateway", "{0F209705-7D2E-4697-8C1D-37D5AAE94CBB}"
EndProject
Project("{9A19103F-16F7-4668-BE54-9A1E7A4F7556}") = "CollectEverything.Gateway", "gateway\CollectEverything.Gateway\CollectEverything.Gateway.csproj", "{05D77D8B-31E7-49BA-B683-2FF54F9B1BB6}"
EndProject
Project("{9A19103F-16F7-4668-BE54-9A1E7A4F7556}") = "CollectEverything.AuthServer", "apps\CollectEverything.AuthServer\CollectEverything.AuthServer.csproj", "{5AC9119B-D456-45F6-80FA-D48B51BAEAED}"
EndProject
Project("{FAE04EC0-301F-11D3-BF4B-00C04F79EFBC}") = "CollectEverything.BlazorServer", "apps\CollectEverything.BlazorServer\CollectEverything.BlazorServer.csproj", "{827FD2E2-C606-49E9-BC60-6988ADA53240}"
EndProject
Project("{2150E333-8FDC-42A3-9474-1A3956D46DE8}") = "product", "product", "{3402300E-288B-40D8-8FB9-BE0338C2DDDA}"
EndProject
Project("{2150E333-8FDC-42A3-9474-1A3956D46DE8}") = "host", "host", "{29AFBB87-23DB-44C2-9FD0-BC8C66811E26}"
EndProject
Project("{FAE04EC0-301F-11D3-BF4B-00C04F79EFBC}") = "CollectEverything.Product.Host.Shared", "services\product\host\CollectEverything.Product.Host.Shared\CollectEverything.Product.Host.Shared.csproj", "{B98E3993-B7F6-42E5-8188-598168E55F1A}"
EndProject
Project("{FAE04EC0-301F-11D3-BF4B-00C04F79EFBC}") = "CollectEverything.Product.HttpApi.Host", "services\product\host\CollectEverything.Product.HttpApi.Host\CollectEverything.Product.HttpApi.Host.csproj", "{8802B52C-96CF-4445-8417-677CB104E0E8}"
EndProject
Project("{2150E333-8FDC-42A3-9474-1A3956D46DE8}") = "src", "src", "{31A4F8DA-1637-4D22-85CC-D7E36F1E150A}"
EndProject
Project("{FAE04EC0-301F-11D3-BF4B-00C04F79EFBC}") = "CollectEverything.Product.Application", "services\product\src\CollectEverything.Product.Application\CollectEverything.Product.Application.csproj", "{FDA68D36-3F52-4BF1-874E-FA154A365C83}"
EndProject
Project("{FAE04EC0-301F-11D3-BF4B-00C04F79EFBC}") = "CollectEverything.Product.Application.Contracts", "services\product\src\CollectEverything.Product.Application.Contracts\CollectEverything.Product.Application.Contracts.csproj", "{C8BD3D41-7E2C-4C0B-837F-CDEB51363864}"
EndProject
Project("{FAE04EC0-301F-11D3-BF4B-00C04F79EFBC}") = "CollectEverything.Product.Domain", "services\product\src\CollectEverything.Product.Domain\CollectEverything.Product.Domain.csproj", "{E4A59386-ABF2-4A77-9734-2BB147243D0C}"
EndProject
Project("{FAE04EC0-301F-11D3-BF4B-00C04F79EFBC}") = "CollectEverything.Product.Domain.Shared", "services\product\src\CollectEverything.Product.Domain.Shared\CollectEverything.Product.Domain.Shared.csproj", "{C9B170FC-A842-4DF1-BA3A-95BB04D55A3D}"
EndProject
Project("{FAE04EC0-301F-11D3-BF4B-00C04F79EFBC}") = "CollectEverything.Product.EntityFrameworkCore", "services\product\src\CollectEverything.Product.EntityFrameworkCore\CollectEverything.Product.EntityFrameworkCore.csproj", "{6CD7365A-763F-4104-AC54-F75835BC47D9}"
EndProject
Project("{FAE04EC0-301F-11D3-BF4B-00C04F79EFBC}") = "CollectEverything.Product.HttpApi", "services\product\src\CollectEverything.Product.HttpApi\CollectEverything.Product.HttpApi.csproj", "{21255B87-C083-4E3E-A665-D5AC5C340099}"
EndProject
Project("{FAE04EC0-301F-11D3-BF4B-00C04F79EFBC}") = "CollectEverything.Product.HttpApi.Client", "services\product\src\CollectEverything.Product.HttpApi.Client\CollectEverything.Product.HttpApi.Client.csproj", "{17EB6B4A-B045-40ED-9183-3EB2FC832DB2}"
EndProject
Project("{2150E333-8FDC-42A3-9474-1A3956D46DE8}") = "test", "test", "{153561E6-E503-4E57-97AC-8464358E56A5}"
EndProject
Project("{FAE04EC0-301F-11D3-BF4B-00C04F79EFBC}") = "CollectEverything.Product.Application.Tests", "services\product\test\CollectEverything.Product.Application.Tests\CollectEverything.Product.Application.Tests.csproj", "{3656E81F-0AFF-426F-A971-BDAED5F04B55}"
EndProject
Project("{FAE04EC0-301F-11D3-BF4B-00C04F79EFBC}") = "CollectEverything.Product.Domain.Tests", "services\product\test\CollectEverything.Product.Domain.Tests\CollectEverything.Product.Domain.Tests.csproj", "{1D81C52A-4EB2-4C66-A310-7CA9592BD99C}"
EndProject
Project("{FAE04EC0-301F-11D3-BF4B-00C04F79EFBC}") = "CollectEverything.Product.EntityFrameworkCore.Tests", "services\product\test\CollectEverything.Product.EntityFrameworkCore.Tests\CollectEverything.Product.EntityFrameworkCore.Tests.csproj", "{0D1D631B-D54F-4E05-85D8-E3C47385C984}"
EndProject
Project("{FAE04EC0-301F-11D3-BF4B-00C04F79EFBC}") = "CollectEverything.Product.HttpApi.Client.ConsoleTestApp", "services\product\test\CollectEverything.Product.HttpApi.Client.ConsoleTestApp\CollectEverything.Product.HttpApi.Client.ConsoleTestApp.csproj", "{8E253A6E-EAF5-4538-8847-D65045BBA8A4}"
EndProject
Project("{FAE04EC0-301F-11D3-BF4B-00C04F79EFBC}") = "CollectEverything.Product.TestBase", "services\product\test\CollectEverything.Product.TestBase\CollectEverything.Product.TestBase.csproj", "{F0E65EE9-3FC5-4E02-8BBB-4523AE1851FC}"
EndProject
Project("{2150E333-8FDC-42A3-9474-1A3956D46DE8}") = "commandes", "commandes", "{D831A92D-6FB8-4E28-A3AD-1E5DEB0D699C}"
EndProject
Project("{2150E333-8FDC-42A3-9474-1A3956D46DE8}") = "host", "host", "{CD42160E-3DCC-4A7A-B1A9-DE3A90B903B7}"
EndProject
Project("{FAE04EC0-301F-11D3-BF4B-00C04F79EFBC}") = "CollectEverything.Commandes.Host.Shared", "services\commandes\host\CollectEverything.Commandes.Host.Shared\CollectEverything.Commandes.Host.Shared.csproj", "{B53D3471-7CDE-4CD2-8740-9439E60F1A4F}"
EndProject
Project("{FAE04EC0-301F-11D3-BF4B-00C04F79EFBC}") = "CollectEverything.Commandes.HttpApi.Host", "services\commandes\host\CollectEverything.Commandes.HttpApi.Host\CollectEverything.Commandes.HttpApi.Host.csproj", "{F686D36F-7CA3-4592-B228-CDB4CB93DFEC}"
EndProject
Project("{2150E333-8FDC-42A3-9474-1A3956D46DE8}") = "src", "src", "{547F318E-8BE8-43D2-B34A-F7C24C7D1EA3}"
EndProject
Project("{FAE04EC0-301F-11D3-BF4B-00C04F79EFBC}") = "CollectEverything.Commandes.Application", "services\commandes\src\CollectEverything.Commandes.Application\CollectEverything.Commandes.Application.csproj", "{28DC6DB1-A191-456E-8B2A-CEED1068437A}"
EndProject
Project("{FAE04EC0-301F-11D3-BF4B-00C04F79EFBC}") = "CollectEverything.Commandes.Application.Contracts", "services\commandes\src\CollectEverything.Commandes.Application.Contracts\CollectEverything.Commandes.Application.Contracts.csproj", "{D6204109-3583-4CB7-9A12-256FCB984A4A}"
EndProject
Project("{FAE04EC0-301F-11D3-BF4B-00C04F79EFBC}") = "CollectEverything.Commandes.Domain", "services\commandes\src\CollectEverything.Commandes.Domain\CollectEverything.Commandes.Domain.csproj", "{E5ACE627-CDE2-46CD-92B1-0F1A15CA149D}"
EndProject
Project("{FAE04EC0-301F-11D3-BF4B-00C04F79EFBC}") = "CollectEverything.Commandes.Domain.Shared", "services\commandes\src\CollectEverything.Commandes.Domain.Shared\CollectEverything.Commandes.Domain.Shared.csproj", "{B369E181-45CB-40D1-B7A4-DB4FF9B1A48C}"
EndProject
Project("{FAE04EC0-301F-11D3-BF4B-00C04F79EFBC}") = "CollectEverything.Commandes.EntityFrameworkCore", "services\commandes\src\CollectEverything.Commandes.EntityFrameworkCore\CollectEverything.Commandes.EntityFrameworkCore.csproj", "{F3E653C9-9853-4374-887B-35DBE599E45E}"
EndProject
Project("{FAE04EC0-301F-11D3-BF4B-00C04F79EFBC}") = "CollectEverything.Commandes.HttpApi", "services\commandes\src\CollectEverything.Commandes.HttpApi\CollectEverything.Commandes.HttpApi.csproj", "{087D8459-D881-4E9F-8E7E-8FBCADF88CF8}"
EndProject
Project("{FAE04EC0-301F-11D3-BF4B-00C04F79EFBC}") = "CollectEverything.Commandes.HttpApi.Client", "services\commandes\src\CollectEverything.Commandes.HttpApi.Client\CollectEverything.Commandes.HttpApi.Client.csproj", "{A8D40E80-9D9B-405D-BE07-77CE8A1CF80B}"
EndProject
Project("{2150E333-8FDC-42A3-9474-1A3956D46DE8}") = "test", "test", "{8FE38F2F-CE91-40F2-8DB2-890564BFED57}"
EndProject
Project("{FAE04EC0-301F-11D3-BF4B-00C04F79EFBC}") = "CollectEverything.Commandes.Application.Tests", "services\commandes\test\CollectEverything.Commandes.Application.Tests\CollectEverything.Commandes.Application.Tests.csproj", "{B507A9E1-4445-4C72-833D-41B6C7AD961B}"
EndProject
Project("{FAE04EC0-301F-11D3-BF4B-00C04F79EFBC}") = "CollectEverything.Commandes.Domain.Tests", "services\commandes\test\CollectEverything.Commandes.Domain.Tests\CollectEverything.Commandes.Domain.Tests.csproj", "{3F50CEF6-DBDF-4AC0-B52F-E8BAD1913DC6}"
EndProject
Project("{FAE04EC0-301F-11D3-BF4B-00C04F79EFBC}") = "CollectEverything.Commandes.EntityFrameworkCore.Tests", "services\commandes\test\CollectEverything.Commandes.EntityFrameworkCore.Tests\CollectEverything.Commandes.EntityFrameworkCore.Tests.csproj", "{C83DFEE7-BFBE-4004-8B86-03F79E2C9C65}"
EndProject
Project("{FAE04EC0-301F-11D3-BF4B-00C04F79EFBC}") = "CollectEverything.Commandes.HttpApi.Client.ConsoleTestApp", "services\commandes\test\CollectEverything.Commandes.HttpApi.Client.ConsoleTestApp\CollectEverything.Commandes.HttpApi.Client.ConsoleTestApp.csproj", "{77AA0FF5-B9C5-49FD-9C41-C3C71BA47289}"
EndProject
Project("{FAE04EC0-301F-11D3-BF4B-00C04F79EFBC}") = "CollectEverything.Commandes.TestBase", "services\commandes\test\CollectEverything.Commandes.TestBase\CollectEverything.Commandes.TestBase.csproj", "{638EC15C-BCFD-4D04-A9E0-97831EE5B30F}"
EndProject
Global
	GlobalSection(SolutionConfigurationPlatforms) = preSolution
		Debug|Any CPU = Debug|Any CPU
		Release|Any CPU = Release|Any CPU
	EndGlobalSection
	GlobalSection(ProjectConfigurationPlatforms) = postSolution
		{CADB7619-5AB5-46D1-84C4-7EEDFD18509F}.Debug|Any CPU.ActiveCfg = Debug|Any CPU
		{CADB7619-5AB5-46D1-84C4-7EEDFD18509F}.Debug|Any CPU.Build.0 = Debug|Any CPU
		{CADB7619-5AB5-46D1-84C4-7EEDFD18509F}.Release|Any CPU.ActiveCfg = Release|Any CPU
		{CADB7619-5AB5-46D1-84C4-7EEDFD18509F}.Release|Any CPU.Build.0 = Release|Any CPU
		{1D43BBF7-CB00-4D5B-9846-8BE2FA479F47}.Debug|Any CPU.ActiveCfg = Debug|Any CPU
		{1D43BBF7-CB00-4D5B-9846-8BE2FA479F47}.Debug|Any CPU.Build.0 = Debug|Any CPU
		{1D43BBF7-CB00-4D5B-9846-8BE2FA479F47}.Release|Any CPU.ActiveCfg = Release|Any CPU
		{1D43BBF7-CB00-4D5B-9846-8BE2FA479F47}.Release|Any CPU.Build.0 = Release|Any CPU
		{C4CCD733-6236-4A1B-8F1A-C9315CD43A16}.Debug|Any CPU.ActiveCfg = Debug|Any CPU
		{C4CCD733-6236-4A1B-8F1A-C9315CD43A16}.Debug|Any CPU.Build.0 = Debug|Any CPU
		{C4CCD733-6236-4A1B-8F1A-C9315CD43A16}.Release|Any CPU.ActiveCfg = Release|Any CPU
		{C4CCD733-6236-4A1B-8F1A-C9315CD43A16}.Release|Any CPU.Build.0 = Release|Any CPU
		{662AD7C0-D8A9-41FE-81C2-D14E09E0E625}.Debug|Any CPU.ActiveCfg = Debug|Any CPU
		{662AD7C0-D8A9-41FE-81C2-D14E09E0E625}.Debug|Any CPU.Build.0 = Debug|Any CPU
		{662AD7C0-D8A9-41FE-81C2-D14E09E0E625}.Release|Any CPU.ActiveCfg = Release|Any CPU
		{662AD7C0-D8A9-41FE-81C2-D14E09E0E625}.Release|Any CPU.Build.0 = Release|Any CPU
		{5EBB7912-EC1B-4F51-BBD3-E9B1596E9943}.Debug|Any CPU.ActiveCfg = Debug|Any CPU
		{5EBB7912-EC1B-4F51-BBD3-E9B1596E9943}.Debug|Any CPU.Build.0 = Debug|Any CPU
		{5EBB7912-EC1B-4F51-BBD3-E9B1596E9943}.Release|Any CPU.ActiveCfg = Release|Any CPU
		{5EBB7912-EC1B-4F51-BBD3-E9B1596E9943}.Release|Any CPU.Build.0 = Release|Any CPU
		{237EA072-8CEB-4FE3-8D06-3911EBD9BF05}.Debug|Any CPU.ActiveCfg = Debug|Any CPU
		{237EA072-8CEB-4FE3-8D06-3911EBD9BF05}.Debug|Any CPU.Build.0 = Debug|Any CPU
		{237EA072-8CEB-4FE3-8D06-3911EBD9BF05}.Release|Any CPU.ActiveCfg = Release|Any CPU
		{237EA072-8CEB-4FE3-8D06-3911EBD9BF05}.Release|Any CPU.Build.0 = Release|Any CPU
		{C5BD5540-6773-4494-82BB-F10A9FAEAAE5}.Debug|Any CPU.ActiveCfg = Debug|Any CPU
		{C5BD5540-6773-4494-82BB-F10A9FAEAAE5}.Debug|Any CPU.Build.0 = Debug|Any CPU
		{C5BD5540-6773-4494-82BB-F10A9FAEAAE5}.Release|Any CPU.ActiveCfg = Release|Any CPU
		{C5BD5540-6773-4494-82BB-F10A9FAEAAE5}.Release|Any CPU.Build.0 = Release|Any CPU
		{2D2505D8-8539-4C1A-99B8-F25A88C47129}.Debug|Any CPU.ActiveCfg = Debug|Any CPU
		{2D2505D8-8539-4C1A-99B8-F25A88C47129}.Debug|Any CPU.Build.0 = Debug|Any CPU
		{2D2505D8-8539-4C1A-99B8-F25A88C47129}.Release|Any CPU.ActiveCfg = Release|Any CPU
		{2D2505D8-8539-4C1A-99B8-F25A88C47129}.Release|Any CPU.Build.0 = Release|Any CPU
		{8525C031-819E-4D4E-8374-30B5F48274AD}.Debug|Any CPU.ActiveCfg = Debug|Any CPU
		{8525C031-819E-4D4E-8374-30B5F48274AD}.Debug|Any CPU.Build.0 = Debug|Any CPU
		{8525C031-819E-4D4E-8374-30B5F48274AD}.Release|Any CPU.ActiveCfg = Release|Any CPU
		{8525C031-819E-4D4E-8374-30B5F48274AD}.Release|Any CPU.Build.0 = Release|Any CPU
		{0D121C5F-22C8-4657-B43E-9C8B34A4C41E}.Debug|Any CPU.ActiveCfg = Debug|Any CPU
		{0D121C5F-22C8-4657-B43E-9C8B34A4C41E}.Debug|Any CPU.Build.0 = Debug|Any CPU
		{0D121C5F-22C8-4657-B43E-9C8B34A4C41E}.Release|Any CPU.ActiveCfg = Release|Any CPU
		{0D121C5F-22C8-4657-B43E-9C8B34A4C41E}.Release|Any CPU.Build.0 = Release|Any CPU
		{D6921133-0AFF-4473-A469-7F2226AB5C1F}.Debug|Any CPU.ActiveCfg = Debug|Any CPU
		{D6921133-0AFF-4473-A469-7F2226AB5C1F}.Debug|Any CPU.Build.0 = Debug|Any CPU
		{D6921133-0AFF-4473-A469-7F2226AB5C1F}.Release|Any CPU.ActiveCfg = Release|Any CPU
		{D6921133-0AFF-4473-A469-7F2226AB5C1F}.Release|Any CPU.Build.0 = Release|Any CPU
		{FF4727FF-93BA-4689-83FA-99D59DE571CA}.Debug|Any CPU.ActiveCfg = Debug|Any CPU
		{FF4727FF-93BA-4689-83FA-99D59DE571CA}.Debug|Any CPU.Build.0 = Debug|Any CPU
		{FF4727FF-93BA-4689-83FA-99D59DE571CA}.Release|Any CPU.ActiveCfg = Release|Any CPU
		{FF4727FF-93BA-4689-83FA-99D59DE571CA}.Release|Any CPU.Build.0 = Release|Any CPU
		{B38A5710-2E78-4716-B06E-6CA1735D63AF}.Debug|Any CPU.ActiveCfg = Debug|Any CPU
		{B38A5710-2E78-4716-B06E-6CA1735D63AF}.Debug|Any CPU.Build.0 = Debug|Any CPU
		{B38A5710-2E78-4716-B06E-6CA1735D63AF}.Release|Any CPU.ActiveCfg = Release|Any CPU
		{B38A5710-2E78-4716-B06E-6CA1735D63AF}.Release|Any CPU.Build.0 = Release|Any CPU
		{D6645377-25A1-4F6E-836B-F7188DE9B9B8}.Debug|Any CPU.ActiveCfg = Debug|Any CPU
		{D6645377-25A1-4F6E-836B-F7188DE9B9B8}.Debug|Any CPU.Build.0 = Debug|Any CPU
		{D6645377-25A1-4F6E-836B-F7188DE9B9B8}.Release|Any CPU.ActiveCfg = Release|Any CPU
		{D6645377-25A1-4F6E-836B-F7188DE9B9B8}.Release|Any CPU.Build.0 = Release|Any CPU
		{CDC30E5B-C762-4AD0-87CF-174BCB2D5240}.Debug|Any CPU.ActiveCfg = Debug|Any CPU
		{CDC30E5B-C762-4AD0-87CF-174BCB2D5240}.Debug|Any CPU.Build.0 = Debug|Any CPU
		{CDC30E5B-C762-4AD0-87CF-174BCB2D5240}.Release|Any CPU.ActiveCfg = Release|Any CPU
		{CDC30E5B-C762-4AD0-87CF-174BCB2D5240}.Release|Any CPU.Build.0 = Release|Any CPU
		{9E6D8AF7-DB35-49E7-80C4-45D5BC93C95B}.Debug|Any CPU.ActiveCfg = Debug|Any CPU
		{9E6D8AF7-DB35-49E7-80C4-45D5BC93C95B}.Debug|Any CPU.Build.0 = Debug|Any CPU
		{9E6D8AF7-DB35-49E7-80C4-45D5BC93C95B}.Release|Any CPU.ActiveCfg = Release|Any CPU
		{9E6D8AF7-DB35-49E7-80C4-45D5BC93C95B}.Release|Any CPU.Build.0 = Release|Any CPU
		{735A242C-5BE3-4B75-B141-173A52182CD1}.Debug|Any CPU.ActiveCfg = Debug|Any CPU
		{735A242C-5BE3-4B75-B141-173A52182CD1}.Debug|Any CPU.Build.0 = Debug|Any CPU
		{735A242C-5BE3-4B75-B141-173A52182CD1}.Release|Any CPU.ActiveCfg = Release|Any CPU
		{735A242C-5BE3-4B75-B141-173A52182CD1}.Release|Any CPU.Build.0 = Release|Any CPU
		{E3947A5A-32CA-4A8F-A494-0335B6FFCED6}.Debug|Any CPU.ActiveCfg = Debug|Any CPU
		{E3947A5A-32CA-4A8F-A494-0335B6FFCED6}.Debug|Any CPU.Build.0 = Debug|Any CPU
		{E3947A5A-32CA-4A8F-A494-0335B6FFCED6}.Release|Any CPU.ActiveCfg = Release|Any CPU
		{E3947A5A-32CA-4A8F-A494-0335B6FFCED6}.Release|Any CPU.Build.0 = Release|Any CPU
		{53C2DB69-20D0-4B82-BA64-7A2EB4373AAA}.Debug|Any CPU.ActiveCfg = Debug|Any CPU
		{53C2DB69-20D0-4B82-BA64-7A2EB4373AAA}.Debug|Any CPU.Build.0 = Debug|Any CPU
		{53C2DB69-20D0-4B82-BA64-7A2EB4373AAA}.Release|Any CPU.ActiveCfg = Release|Any CPU
		{53C2DB69-20D0-4B82-BA64-7A2EB4373AAA}.Release|Any CPU.Build.0 = Release|Any CPU
		{E25C2888-E196-4717-8C47-DAB80C301FFB}.Debug|Any CPU.ActiveCfg = Debug|Any CPU
		{E25C2888-E196-4717-8C47-DAB80C301FFB}.Debug|Any CPU.Build.0 = Debug|Any CPU
		{E25C2888-E196-4717-8C47-DAB80C301FFB}.Release|Any CPU.ActiveCfg = Release|Any CPU
		{E25C2888-E196-4717-8C47-DAB80C301FFB}.Release|Any CPU.Build.0 = Release|Any CPU
		{38027549-A311-47B2-9387-D3AE1E7E6A3A}.Debug|Any CPU.ActiveCfg = Debug|Any CPU
		{38027549-A311-47B2-9387-D3AE1E7E6A3A}.Debug|Any CPU.Build.0 = Debug|Any CPU
		{38027549-A311-47B2-9387-D3AE1E7E6A3A}.Release|Any CPU.ActiveCfg = Release|Any CPU
		{38027549-A311-47B2-9387-D3AE1E7E6A3A}.Release|Any CPU.Build.0 = Release|Any CPU
		{10AACD25-59EF-4AA2-9571-8B8DF7268A50}.Debug|Any CPU.ActiveCfg = Debug|Any CPU
		{10AACD25-59EF-4AA2-9571-8B8DF7268A50}.Debug|Any CPU.Build.0 = Debug|Any CPU
		{10AACD25-59EF-4AA2-9571-8B8DF7268A50}.Release|Any CPU.ActiveCfg = Release|Any CPU
		{10AACD25-59EF-4AA2-9571-8B8DF7268A50}.Release|Any CPU.Build.0 = Release|Any CPU
		{C6236ACA-B48B-40CD-9302-BDE1CFFAE865}.Debug|Any CPU.ActiveCfg = Debug|Any CPU
		{C6236ACA-B48B-40CD-9302-BDE1CFFAE865}.Debug|Any CPU.Build.0 = Debug|Any CPU
		{C6236ACA-B48B-40CD-9302-BDE1CFFAE865}.Release|Any CPU.ActiveCfg = Release|Any CPU
		{C6236ACA-B48B-40CD-9302-BDE1CFFAE865}.Release|Any CPU.Build.0 = Release|Any CPU
		{260CE1B8-9FC4-4D83-B6C1-6206EC2FAF27}.Debug|Any CPU.ActiveCfg = Debug|Any CPU
		{260CE1B8-9FC4-4D83-B6C1-6206EC2FAF27}.Debug|Any CPU.Build.0 = Debug|Any CPU
		{260CE1B8-9FC4-4D83-B6C1-6206EC2FAF27}.Release|Any CPU.ActiveCfg = Release|Any CPU
		{260CE1B8-9FC4-4D83-B6C1-6206EC2FAF27}.Release|Any CPU.Build.0 = Release|Any CPU
		{FDBBA5C6-57D2-4ABB-AA88-5080D25487B4}.Debug|Any CPU.ActiveCfg = Debug|Any CPU
		{FDBBA5C6-57D2-4ABB-AA88-5080D25487B4}.Debug|Any CPU.Build.0 = Debug|Any CPU
		{FDBBA5C6-57D2-4ABB-AA88-5080D25487B4}.Release|Any CPU.ActiveCfg = Release|Any CPU
		{FDBBA5C6-57D2-4ABB-AA88-5080D25487B4}.Release|Any CPU.Build.0 = Release|Any CPU
		{5861F4A6-A634-4DE7-A076-55D242E9033C}.Debug|Any CPU.ActiveCfg = Debug|Any CPU
		{5861F4A6-A634-4DE7-A076-55D242E9033C}.Debug|Any CPU.Build.0 = Debug|Any CPU
		{5861F4A6-A634-4DE7-A076-55D242E9033C}.Release|Any CPU.ActiveCfg = Release|Any CPU
		{5861F4A6-A634-4DE7-A076-55D242E9033C}.Release|Any CPU.Build.0 = Release|Any CPU
		{D93A7237-5AD5-4E38-B3E4-D59778FD7AB9}.Debug|Any CPU.ActiveCfg = Debug|Any CPU
		{D93A7237-5AD5-4E38-B3E4-D59778FD7AB9}.Debug|Any CPU.Build.0 = Debug|Any CPU
		{D93A7237-5AD5-4E38-B3E4-D59778FD7AB9}.Release|Any CPU.ActiveCfg = Release|Any CPU
		{D93A7237-5AD5-4E38-B3E4-D59778FD7AB9}.Release|Any CPU.Build.0 = Release|Any CPU
		{BC71BC5B-06EE-4312-A6B1-1377204DCEF9}.Debug|Any CPU.ActiveCfg = Debug|Any CPU
		{BC71BC5B-06EE-4312-A6B1-1377204DCEF9}.Debug|Any CPU.Build.0 = Debug|Any CPU
		{BC71BC5B-06EE-4312-A6B1-1377204DCEF9}.Release|Any CPU.ActiveCfg = Release|Any CPU
		{BC71BC5B-06EE-4312-A6B1-1377204DCEF9}.Release|Any CPU.Build.0 = Release|Any CPU
		{BB55911F-7CCE-4978-B172-211C28A29001}.Debug|Any CPU.ActiveCfg = Debug|Any CPU
		{BB55911F-7CCE-4978-B172-211C28A29001}.Debug|Any CPU.Build.0 = Debug|Any CPU
		{BB55911F-7CCE-4978-B172-211C28A29001}.Release|Any CPU.ActiveCfg = Release|Any CPU
		{BB55911F-7CCE-4978-B172-211C28A29001}.Release|Any CPU.Build.0 = Release|Any CPU
		{BAABFE36-E654-4285-94BB-4F61CE5F17D9}.Debug|Any CPU.ActiveCfg = Debug|Any CPU
		{BAABFE36-E654-4285-94BB-4F61CE5F17D9}.Debug|Any CPU.Build.0 = Debug|Any CPU
		{BAABFE36-E654-4285-94BB-4F61CE5F17D9}.Release|Any CPU.ActiveCfg = Release|Any CPU
		{BAABFE36-E654-4285-94BB-4F61CE5F17D9}.Release|Any CPU.Build.0 = Release|Any CPU
		{388B726E-4F46-47E0-BFD6-55CBBC9ECF91}.Debug|Any CPU.ActiveCfg = Debug|Any CPU
		{388B726E-4F46-47E0-BFD6-55CBBC9ECF91}.Debug|Any CPU.Build.0 = Debug|Any CPU
		{388B726E-4F46-47E0-BFD6-55CBBC9ECF91}.Release|Any CPU.ActiveCfg = Release|Any CPU
		{388B726E-4F46-47E0-BFD6-55CBBC9ECF91}.Release|Any CPU.Build.0 = Release|Any CPU
		{5113A8EA-CED9-4FF9-9797-CBDB3A86AA33}.Debug|Any CPU.ActiveCfg = Debug|Any CPU
		{5113A8EA-CED9-4FF9-9797-CBDB3A86AA33}.Debug|Any CPU.Build.0 = Debug|Any CPU
		{5113A8EA-CED9-4FF9-9797-CBDB3A86AA33}.Release|Any CPU.ActiveCfg = Release|Any CPU
		{5113A8EA-CED9-4FF9-9797-CBDB3A86AA33}.Release|Any CPU.Build.0 = Release|Any CPU
		{77818554-DE25-4638-933A-C4C3FBFB8DE3}.Debug|Any CPU.ActiveCfg = Debug|Any CPU
		{77818554-DE25-4638-933A-C4C3FBFB8DE3}.Debug|Any CPU.Build.0 = Debug|Any CPU
		{77818554-DE25-4638-933A-C4C3FBFB8DE3}.Release|Any CPU.ActiveCfg = Release|Any CPU
		{77818554-DE25-4638-933A-C4C3FBFB8DE3}.Release|Any CPU.Build.0 = Release|Any CPU
		{142C264D-AA69-4AF5-B62B-C596282C2645}.Debug|Any CPU.ActiveCfg = Debug|Any CPU
		{142C264D-AA69-4AF5-B62B-C596282C2645}.Debug|Any CPU.Build.0 = Debug|Any CPU
		{142C264D-AA69-4AF5-B62B-C596282C2645}.Release|Any CPU.ActiveCfg = Release|Any CPU
		{142C264D-AA69-4AF5-B62B-C596282C2645}.Release|Any CPU.Build.0 = Release|Any CPU
		{14078787-9BEA-40B7-B9A6-C5FFE1DA55A9}.Debug|Any CPU.ActiveCfg = Debug|Any CPU
		{14078787-9BEA-40B7-B9A6-C5FFE1DA55A9}.Debug|Any CPU.Build.0 = Debug|Any CPU
		{14078787-9BEA-40B7-B9A6-C5FFE1DA55A9}.Release|Any CPU.ActiveCfg = Release|Any CPU
		{14078787-9BEA-40B7-B9A6-C5FFE1DA55A9}.Release|Any CPU.Build.0 = Release|Any CPU
		{05D77D8B-31E7-49BA-B683-2FF54F9B1BB6}.Debug|Any CPU.ActiveCfg = Debug|Any CPU
		{05D77D8B-31E7-49BA-B683-2FF54F9B1BB6}.Debug|Any CPU.Build.0 = Debug|Any CPU
		{05D77D8B-31E7-49BA-B683-2FF54F9B1BB6}.Release|Any CPU.ActiveCfg = Release|Any CPU
		{05D77D8B-31E7-49BA-B683-2FF54F9B1BB6}.Release|Any CPU.Build.0 = Release|Any CPU
		{5AC9119B-D456-45F6-80FA-D48B51BAEAED}.Debug|Any CPU.ActiveCfg = Debug|Any CPU
		{5AC9119B-D456-45F6-80FA-D48B51BAEAED}.Debug|Any CPU.Build.0 = Debug|Any CPU
		{5AC9119B-D456-45F6-80FA-D48B51BAEAED}.Release|Any CPU.ActiveCfg = Release|Any CPU
		{5AC9119B-D456-45F6-80FA-D48B51BAEAED}.Release|Any CPU.Build.0 = Release|Any CPU
		{827FD2E2-C606-49E9-BC60-6988ADA53240}.Debug|Any CPU.ActiveCfg = Debug|Any CPU
		{827FD2E2-C606-49E9-BC60-6988ADA53240}.Debug|Any CPU.Build.0 = Debug|Any CPU
		{827FD2E2-C606-49E9-BC60-6988ADA53240}.Release|Any CPU.ActiveCfg = Release|Any CPU
		{827FD2E2-C606-49E9-BC60-6988ADA53240}.Release|Any CPU.Build.0 = Release|Any CPU
		{B98E3993-B7F6-42E5-8188-598168E55F1A}.Debug|Any CPU.ActiveCfg = Debug|Any CPU
		{B98E3993-B7F6-42E5-8188-598168E55F1A}.Debug|Any CPU.Build.0 = Debug|Any CPU
		{B98E3993-B7F6-42E5-8188-598168E55F1A}.Release|Any CPU.ActiveCfg = Release|Any CPU
		{B98E3993-B7F6-42E5-8188-598168E55F1A}.Release|Any CPU.Build.0 = Release|Any CPU
		{8802B52C-96CF-4445-8417-677CB104E0E8}.Debug|Any CPU.ActiveCfg = Debug|Any CPU
		{8802B52C-96CF-4445-8417-677CB104E0E8}.Debug|Any CPU.Build.0 = Debug|Any CPU
		{8802B52C-96CF-4445-8417-677CB104E0E8}.Release|Any CPU.ActiveCfg = Release|Any CPU
		{8802B52C-96CF-4445-8417-677CB104E0E8}.Release|Any CPU.Build.0 = Release|Any CPU
		{FDA68D36-3F52-4BF1-874E-FA154A365C83}.Debug|Any CPU.ActiveCfg = Debug|Any CPU
		{FDA68D36-3F52-4BF1-874E-FA154A365C83}.Debug|Any CPU.Build.0 = Debug|Any CPU
		{FDA68D36-3F52-4BF1-874E-FA154A365C83}.Release|Any CPU.ActiveCfg = Release|Any CPU
		{FDA68D36-3F52-4BF1-874E-FA154A365C83}.Release|Any CPU.Build.0 = Release|Any CPU
		{C8BD3D41-7E2C-4C0B-837F-CDEB51363864}.Debug|Any CPU.ActiveCfg = Debug|Any CPU
		{C8BD3D41-7E2C-4C0B-837F-CDEB51363864}.Debug|Any CPU.Build.0 = Debug|Any CPU
		{C8BD3D41-7E2C-4C0B-837F-CDEB51363864}.Release|Any CPU.ActiveCfg = Release|Any CPU
		{C8BD3D41-7E2C-4C0B-837F-CDEB51363864}.Release|Any CPU.Build.0 = Release|Any CPU
		{E4A59386-ABF2-4A77-9734-2BB147243D0C}.Debug|Any CPU.ActiveCfg = Debug|Any CPU
		{E4A59386-ABF2-4A77-9734-2BB147243D0C}.Debug|Any CPU.Build.0 = Debug|Any CPU
		{E4A59386-ABF2-4A77-9734-2BB147243D0C}.Release|Any CPU.ActiveCfg = Release|Any CPU
		{E4A59386-ABF2-4A77-9734-2BB147243D0C}.Release|Any CPU.Build.0 = Release|Any CPU
		{C9B170FC-A842-4DF1-BA3A-95BB04D55A3D}.Debug|Any CPU.ActiveCfg = Debug|Any CPU
		{C9B170FC-A842-4DF1-BA3A-95BB04D55A3D}.Debug|Any CPU.Build.0 = Debug|Any CPU
		{C9B170FC-A842-4DF1-BA3A-95BB04D55A3D}.Release|Any CPU.ActiveCfg = Release|Any CPU
		{C9B170FC-A842-4DF1-BA3A-95BB04D55A3D}.Release|Any CPU.Build.0 = Release|Any CPU
		{6CD7365A-763F-4104-AC54-F75835BC47D9}.Debug|Any CPU.ActiveCfg = Debug|Any CPU
		{6CD7365A-763F-4104-AC54-F75835BC47D9}.Debug|Any CPU.Build.0 = Debug|Any CPU
		{6CD7365A-763F-4104-AC54-F75835BC47D9}.Release|Any CPU.ActiveCfg = Release|Any CPU
		{6CD7365A-763F-4104-AC54-F75835BC47D9}.Release|Any CPU.Build.0 = Release|Any CPU
		{21255B87-C083-4E3E-A665-D5AC5C340099}.Debug|Any CPU.ActiveCfg = Debug|Any CPU
		{21255B87-C083-4E3E-A665-D5AC5C340099}.Debug|Any CPU.Build.0 = Debug|Any CPU
		{21255B87-C083-4E3E-A665-D5AC5C340099}.Release|Any CPU.ActiveCfg = Release|Any CPU
		{21255B87-C083-4E3E-A665-D5AC5C340099}.Release|Any CPU.Build.0 = Release|Any CPU
		{17EB6B4A-B045-40ED-9183-3EB2FC832DB2}.Debug|Any CPU.ActiveCfg = Debug|Any CPU
		{17EB6B4A-B045-40ED-9183-3EB2FC832DB2}.Debug|Any CPU.Build.0 = Debug|Any CPU
		{17EB6B4A-B045-40ED-9183-3EB2FC832DB2}.Release|Any CPU.ActiveCfg = Release|Any CPU
		{17EB6B4A-B045-40ED-9183-3EB2FC832DB2}.Release|Any CPU.Build.0 = Release|Any CPU
		{3656E81F-0AFF-426F-A971-BDAED5F04B55}.Debug|Any CPU.ActiveCfg = Debug|Any CPU
		{3656E81F-0AFF-426F-A971-BDAED5F04B55}.Debug|Any CPU.Build.0 = Debug|Any CPU
		{3656E81F-0AFF-426F-A971-BDAED5F04B55}.Release|Any CPU.ActiveCfg = Release|Any CPU
		{3656E81F-0AFF-426F-A971-BDAED5F04B55}.Release|Any CPU.Build.0 = Release|Any CPU
		{1D81C52A-4EB2-4C66-A310-7CA9592BD99C}.Debug|Any CPU.ActiveCfg = Debug|Any CPU
		{1D81C52A-4EB2-4C66-A310-7CA9592BD99C}.Debug|Any CPU.Build.0 = Debug|Any CPU
		{1D81C52A-4EB2-4C66-A310-7CA9592BD99C}.Release|Any CPU.ActiveCfg = Release|Any CPU
		{1D81C52A-4EB2-4C66-A310-7CA9592BD99C}.Release|Any CPU.Build.0 = Release|Any CPU
		{0D1D631B-D54F-4E05-85D8-E3C47385C984}.Debug|Any CPU.ActiveCfg = Debug|Any CPU
		{0D1D631B-D54F-4E05-85D8-E3C47385C984}.Debug|Any CPU.Build.0 = Debug|Any CPU
		{0D1D631B-D54F-4E05-85D8-E3C47385C984}.Release|Any CPU.ActiveCfg = Release|Any CPU
		{0D1D631B-D54F-4E05-85D8-E3C47385C984}.Release|Any CPU.Build.0 = Release|Any CPU
		{8E253A6E-EAF5-4538-8847-D65045BBA8A4}.Debug|Any CPU.ActiveCfg = Debug|Any CPU
		{8E253A6E-EAF5-4538-8847-D65045BBA8A4}.Debug|Any CPU.Build.0 = Debug|Any CPU
		{8E253A6E-EAF5-4538-8847-D65045BBA8A4}.Release|Any CPU.ActiveCfg = Release|Any CPU
		{8E253A6E-EAF5-4538-8847-D65045BBA8A4}.Release|Any CPU.Build.0 = Release|Any CPU
		{F0E65EE9-3FC5-4E02-8BBB-4523AE1851FC}.Debug|Any CPU.ActiveCfg = Debug|Any CPU
		{F0E65EE9-3FC5-4E02-8BBB-4523AE1851FC}.Debug|Any CPU.Build.0 = Debug|Any CPU
		{F0E65EE9-3FC5-4E02-8BBB-4523AE1851FC}.Release|Any CPU.ActiveCfg = Release|Any CPU
		{F0E65EE9-3FC5-4E02-8BBB-4523AE1851FC}.Release|Any CPU.Build.0 = Release|Any CPU
		{B53D3471-7CDE-4CD2-8740-9439E60F1A4F}.Debug|Any CPU.ActiveCfg = Debug|Any CPU
		{B53D3471-7CDE-4CD2-8740-9439E60F1A4F}.Debug|Any CPU.Build.0 = Debug|Any CPU
		{B53D3471-7CDE-4CD2-8740-9439E60F1A4F}.Release|Any CPU.ActiveCfg = Release|Any CPU
		{B53D3471-7CDE-4CD2-8740-9439E60F1A4F}.Release|Any CPU.Build.0 = Release|Any CPU
		{F686D36F-7CA3-4592-B228-CDB4CB93DFEC}.Debug|Any CPU.ActiveCfg = Debug|Any CPU
		{F686D36F-7CA3-4592-B228-CDB4CB93DFEC}.Debug|Any CPU.Build.0 = Debug|Any CPU
		{F686D36F-7CA3-4592-B228-CDB4CB93DFEC}.Release|Any CPU.ActiveCfg = Release|Any CPU
		{F686D36F-7CA3-4592-B228-CDB4CB93DFEC}.Release|Any CPU.Build.0 = Release|Any CPU
		{28DC6DB1-A191-456E-8B2A-CEED1068437A}.Debug|Any CPU.ActiveCfg = Debug|Any CPU
		{28DC6DB1-A191-456E-8B2A-CEED1068437A}.Debug|Any CPU.Build.0 = Debug|Any CPU
		{28DC6DB1-A191-456E-8B2A-CEED1068437A}.Release|Any CPU.ActiveCfg = Release|Any CPU
		{28DC6DB1-A191-456E-8B2A-CEED1068437A}.Release|Any CPU.Build.0 = Release|Any CPU
		{D6204109-3583-4CB7-9A12-256FCB984A4A}.Debug|Any CPU.ActiveCfg = Debug|Any CPU
		{D6204109-3583-4CB7-9A12-256FCB984A4A}.Debug|Any CPU.Build.0 = Debug|Any CPU
		{D6204109-3583-4CB7-9A12-256FCB984A4A}.Release|Any CPU.ActiveCfg = Release|Any CPU
		{D6204109-3583-4CB7-9A12-256FCB984A4A}.Release|Any CPU.Build.0 = Release|Any CPU
		{E5ACE627-CDE2-46CD-92B1-0F1A15CA149D}.Debug|Any CPU.ActiveCfg = Debug|Any CPU
		{E5ACE627-CDE2-46CD-92B1-0F1A15CA149D}.Debug|Any CPU.Build.0 = Debug|Any CPU
		{E5ACE627-CDE2-46CD-92B1-0F1A15CA149D}.Release|Any CPU.ActiveCfg = Release|Any CPU
		{E5ACE627-CDE2-46CD-92B1-0F1A15CA149D}.Release|Any CPU.Build.0 = Release|Any CPU
		{B369E181-45CB-40D1-B7A4-DB4FF9B1A48C}.Debug|Any CPU.ActiveCfg = Debug|Any CPU
		{B369E181-45CB-40D1-B7A4-DB4FF9B1A48C}.Debug|Any CPU.Build.0 = Debug|Any CPU
		{B369E181-45CB-40D1-B7A4-DB4FF9B1A48C}.Release|Any CPU.ActiveCfg = Release|Any CPU
		{B369E181-45CB-40D1-B7A4-DB4FF9B1A48C}.Release|Any CPU.Build.0 = Release|Any CPU
		{F3E653C9-9853-4374-887B-35DBE599E45E}.Debug|Any CPU.ActiveCfg = Debug|Any CPU
		{F3E653C9-9853-4374-887B-35DBE599E45E}.Debug|Any CPU.Build.0 = Debug|Any CPU
		{F3E653C9-9853-4374-887B-35DBE599E45E}.Release|Any CPU.ActiveCfg = Release|Any CPU
		{F3E653C9-9853-4374-887B-35DBE599E45E}.Release|Any CPU.Build.0 = Release|Any CPU
		{087D8459-D881-4E9F-8E7E-8FBCADF88CF8}.Debug|Any CPU.ActiveCfg = Debug|Any CPU
		{087D8459-D881-4E9F-8E7E-8FBCADF88CF8}.Debug|Any CPU.Build.0 = Debug|Any CPU
		{087D8459-D881-4E9F-8E7E-8FBCADF88CF8}.Release|Any CPU.ActiveCfg = Release|Any CPU
		{087D8459-D881-4E9F-8E7E-8FBCADF88CF8}.Release|Any CPU.Build.0 = Release|Any CPU
		{A8D40E80-9D9B-405D-BE07-77CE8A1CF80B}.Debug|Any CPU.ActiveCfg = Debug|Any CPU
		{A8D40E80-9D9B-405D-BE07-77CE8A1CF80B}.Debug|Any CPU.Build.0 = Debug|Any CPU
		{A8D40E80-9D9B-405D-BE07-77CE8A1CF80B}.Release|Any CPU.ActiveCfg = Release|Any CPU
		{A8D40E80-9D9B-405D-BE07-77CE8A1CF80B}.Release|Any CPU.Build.0 = Release|Any CPU
		{B507A9E1-4445-4C72-833D-41B6C7AD961B}.Debug|Any CPU.ActiveCfg = Debug|Any CPU
		{B507A9E1-4445-4C72-833D-41B6C7AD961B}.Debug|Any CPU.Build.0 = Debug|Any CPU
		{B507A9E1-4445-4C72-833D-41B6C7AD961B}.Release|Any CPU.ActiveCfg = Release|Any CPU
		{B507A9E1-4445-4C72-833D-41B6C7AD961B}.Release|Any CPU.Build.0 = Release|Any CPU
		{3F50CEF6-DBDF-4AC0-B52F-E8BAD1913DC6}.Debug|Any CPU.ActiveCfg = Debug|Any CPU
		{3F50CEF6-DBDF-4AC0-B52F-E8BAD1913DC6}.Debug|Any CPU.Build.0 = Debug|Any CPU
		{3F50CEF6-DBDF-4AC0-B52F-E8BAD1913DC6}.Release|Any CPU.ActiveCfg = Release|Any CPU
		{3F50CEF6-DBDF-4AC0-B52F-E8BAD1913DC6}.Release|Any CPU.Build.0 = Release|Any CPU
		{C83DFEE7-BFBE-4004-8B86-03F79E2C9C65}.Debug|Any CPU.ActiveCfg = Debug|Any CPU
		{C83DFEE7-BFBE-4004-8B86-03F79E2C9C65}.Debug|Any CPU.Build.0 = Debug|Any CPU
		{C83DFEE7-BFBE-4004-8B86-03F79E2C9C65}.Release|Any CPU.ActiveCfg = Release|Any CPU
		{C83DFEE7-BFBE-4004-8B86-03F79E2C9C65}.Release|Any CPU.Build.0 = Release|Any CPU
		{77AA0FF5-B9C5-49FD-9C41-C3C71BA47289}.Debug|Any CPU.ActiveCfg = Debug|Any CPU
		{77AA0FF5-B9C5-49FD-9C41-C3C71BA47289}.Debug|Any CPU.Build.0 = Debug|Any CPU
		{77AA0FF5-B9C5-49FD-9C41-C3C71BA47289}.Release|Any CPU.ActiveCfg = Release|Any CPU
		{77AA0FF5-B9C5-49FD-9C41-C3C71BA47289}.Release|Any CPU.Build.0 = Release|Any CPU
		{638EC15C-BCFD-4D04-A9E0-97831EE5B30F}.Debug|Any CPU.ActiveCfg = Debug|Any CPU
		{638EC15C-BCFD-4D04-A9E0-97831EE5B30F}.Debug|Any CPU.Build.0 = Debug|Any CPU
		{638EC15C-BCFD-4D04-A9E0-97831EE5B30F}.Release|Any CPU.ActiveCfg = Release|Any CPU
		{638EC15C-BCFD-4D04-A9E0-97831EE5B30F}.Release|Any CPU.Build.0 = Release|Any CPU
	EndGlobalSection
	GlobalSection(SolutionProperties) = preSolution
		HideSolutionNode = FALSE
	EndGlobalSection
	GlobalSection(NestedProjects) = preSolution
		{CADB7619-5AB5-46D1-84C4-7EEDFD18509F} = {41A0F838-9326-4CF7-BD2D-341017988953}
		{1D43BBF7-CB00-4D5B-9846-8BE2FA479F47} = {80C4C128-1F05-4376-9E2D-855D11FEE650}
		{C4CCD733-6236-4A1B-8F1A-C9315CD43A16} = {5F5DCA12-3FCD-4BCA-81A1-E0989757A660}
		{41A0F838-9326-4CF7-BD2D-341017988953} = {ED0A7918-04FA-4040-B641-4CA249074083}
		{5F5DCA12-3FCD-4BCA-81A1-E0989757A660} = {ED0A7918-04FA-4040-B641-4CA249074083}
		{80C4C128-1F05-4376-9E2D-855D11FEE650} = {ED0A7918-04FA-4040-B641-4CA249074083}
		{2851429B-E91C-4710-B415-10A6DB96EE73} = {ED0A7918-04FA-4040-B641-4CA249074083}
		{662AD7C0-D8A9-41FE-81C2-D14E09E0E625} = {2851429B-E91C-4710-B415-10A6DB96EE73}
		{5EBB7912-EC1B-4F51-BBD3-E9B1596E9943} = {2851429B-E91C-4710-B415-10A6DB96EE73}
		{237EA072-8CEB-4FE3-8D06-3911EBD9BF05} = {2851429B-E91C-4710-B415-10A6DB96EE73}
		{C5BD5540-6773-4494-82BB-F10A9FAEAAE5} = {2851429B-E91C-4710-B415-10A6DB96EE73}
		{2D2505D8-8539-4C1A-99B8-F25A88C47129} = {2851429B-E91C-4710-B415-10A6DB96EE73}
		{8525C031-819E-4D4E-8374-30B5F48274AD} = {2851429B-E91C-4710-B415-10A6DB96EE73}
		{0D121C5F-22C8-4657-B43E-9C8B34A4C41E} = {2851429B-E91C-4710-B415-10A6DB96EE73}
		{D6921133-0AFF-4473-A469-7F2226AB5C1F} = {140ED621-3D93-4523-8B62-BE6850E04698}
		{FF4727FF-93BA-4689-83FA-99D59DE571CA} = {80C4C128-1F05-4376-9E2D-855D11FEE650}
		{B38A5710-2E78-4716-B06E-6CA1735D63AF} = {80C4C128-1F05-4376-9E2D-855D11FEE650}
		{D6645377-25A1-4F6E-836B-F7188DE9B9B8} = {80C4C128-1F05-4376-9E2D-855D11FEE650}
		{CDC30E5B-C762-4AD0-87CF-174BCB2D5240} = {80C4C128-1F05-4376-9E2D-855D11FEE650}
		{9E6D8AF7-DB35-49E7-80C4-45D5BC93C95B} = {80C4C128-1F05-4376-9E2D-855D11FEE650}
		{735A242C-5BE3-4B75-B141-173A52182CD1} = {80C4C128-1F05-4376-9E2D-855D11FEE650}
		{E3947A5A-32CA-4A8F-A494-0335B6FFCED6} = {80C4C128-1F05-4376-9E2D-855D11FEE650}
		{53C2DB69-20D0-4B82-BA64-7A2EB4373AAA} = {2851429B-E91C-4710-B415-10A6DB96EE73}
		{E25C2888-E196-4717-8C47-DAB80C301FFB} = {41A0F838-9326-4CF7-BD2D-341017988953}
		{38027549-A311-47B2-9387-D3AE1E7E6A3A} = {41A0F838-9326-4CF7-BD2D-341017988953}
		{10AACD25-59EF-4AA2-9571-8B8DF7268A50} = {41A0F838-9326-4CF7-BD2D-341017988953}
		{C6236ACA-B48B-40CD-9302-BDE1CFFAE865} = {41A0F838-9326-4CF7-BD2D-341017988953}
		{260CE1B8-9FC4-4D83-B6C1-6206EC2FAF27} = {41A0F838-9326-4CF7-BD2D-341017988953}
		{FDBBA5C6-57D2-4ABB-AA88-5080D25487B4} = {41A0F838-9326-4CF7-BD2D-341017988953}
		{5861F4A6-A634-4DE7-A076-55D242E9033C} = {41A0F838-9326-4CF7-BD2D-341017988953}
		{D93A7237-5AD5-4E38-B3E4-D59778FD7AB9} = {5F5DCA12-3FCD-4BCA-81A1-E0989757A660}
		{BC71BC5B-06EE-4312-A6B1-1377204DCEF9} = {5F5DCA12-3FCD-4BCA-81A1-E0989757A660}
		{BB55911F-7CCE-4978-B172-211C28A29001} = {5F5DCA12-3FCD-4BCA-81A1-E0989757A660}
		{BAABFE36-E654-4285-94BB-4F61CE5F17D9} = {5F5DCA12-3FCD-4BCA-81A1-E0989757A660}
		{388B726E-4F46-47E0-BFD6-55CBBC9ECF91} = {5F5DCA12-3FCD-4BCA-81A1-E0989757A660}
		{5113A8EA-CED9-4FF9-9797-CBDB3A86AA33} = {5F5DCA12-3FCD-4BCA-81A1-E0989757A660}
		{77818554-DE25-4638-933A-C4C3FBFB8DE3} = {5F5DCA12-3FCD-4BCA-81A1-E0989757A660}
		{142C264D-AA69-4AF5-B62B-C596282C2645} = {140ED621-3D93-4523-8B62-BE6850E04698}
		{14078787-9BEA-40B7-B9A6-C5FFE1DA55A9} = {140ED621-3D93-4523-8B62-BE6850E04698}
		{05D77D8B-31E7-49BA-B683-2FF54F9B1BB6} = {0F209705-7D2E-4697-8C1D-37D5AAE94CBB}
		{5AC9119B-D456-45F6-80FA-D48B51BAEAED} = {79065DE8-D7FB-40A5-980B-A0841A208B38}
		{827FD2E2-C606-49E9-BC60-6988ADA53240} = {79065DE8-D7FB-40A5-980B-A0841A208B38}
		{3402300E-288B-40D8-8FB9-BE0338C2DDDA} = {ED0A7918-04FA-4040-B641-4CA249074083}
		{29AFBB87-23DB-44C2-9FD0-BC8C66811E26} = {3402300E-288B-40D8-8FB9-BE0338C2DDDA}
		{B98E3993-B7F6-42E5-8188-598168E55F1A} = {29AFBB87-23DB-44C2-9FD0-BC8C66811E26}
		{8802B52C-96CF-4445-8417-677CB104E0E8} = {29AFBB87-23DB-44C2-9FD0-BC8C66811E26}
		{31A4F8DA-1637-4D22-85CC-D7E36F1E150A} = {3402300E-288B-40D8-8FB9-BE0338C2DDDA}
		{FDA68D36-3F52-4BF1-874E-FA154A365C83} = {31A4F8DA-1637-4D22-85CC-D7E36F1E150A}
		{C8BD3D41-7E2C-4C0B-837F-CDEB51363864} = {31A4F8DA-1637-4D22-85CC-D7E36F1E150A}
		{E4A59386-ABF2-4A77-9734-2BB147243D0C} = {31A4F8DA-1637-4D22-85CC-D7E36F1E150A}
		{C9B170FC-A842-4DF1-BA3A-95BB04D55A3D} = {31A4F8DA-1637-4D22-85CC-D7E36F1E150A}
		{6CD7365A-763F-4104-AC54-F75835BC47D9} = {31A4F8DA-1637-4D22-85CC-D7E36F1E150A}
		{21255B87-C083-4E3E-A665-D5AC5C340099} = {31A4F8DA-1637-4D22-85CC-D7E36F1E150A}
		{17EB6B4A-B045-40ED-9183-3EB2FC832DB2} = {31A4F8DA-1637-4D22-85CC-D7E36F1E150A}
		{153561E6-E503-4E57-97AC-8464358E56A5} = {3402300E-288B-40D8-8FB9-BE0338C2DDDA}
		{3656E81F-0AFF-426F-A971-BDAED5F04B55} = {153561E6-E503-4E57-97AC-8464358E56A5}
		{1D81C52A-4EB2-4C66-A310-7CA9592BD99C} = {153561E6-E503-4E57-97AC-8464358E56A5}
		{0D1D631B-D54F-4E05-85D8-E3C47385C984} = {153561E6-E503-4E57-97AC-8464358E56A5}
		{8E253A6E-EAF5-4538-8847-D65045BBA8A4} = {153561E6-E503-4E57-97AC-8464358E56A5}
		{F0E65EE9-3FC5-4E02-8BBB-4523AE1851FC} = {153561E6-E503-4E57-97AC-8464358E56A5}
		{D831A92D-6FB8-4E28-A3AD-1E5DEB0D699C} = {ED0A7918-04FA-4040-B641-4CA249074083}
		{CD42160E-3DCC-4A7A-B1A9-DE3A90B903B7} = {D831A92D-6FB8-4E28-A3AD-1E5DEB0D699C}
		{B53D3471-7CDE-4CD2-8740-9439E60F1A4F} = {CD42160E-3DCC-4A7A-B1A9-DE3A90B903B7}
		{F686D36F-7CA3-4592-B228-CDB4CB93DFEC} = {CD42160E-3DCC-4A7A-B1A9-DE3A90B903B7}
		{547F318E-8BE8-43D2-B34A-F7C24C7D1EA3} = {D831A92D-6FB8-4E28-A3AD-1E5DEB0D699C}
		{28DC6DB1-A191-456E-8B2A-CEED1068437A} = {547F318E-8BE8-43D2-B34A-F7C24C7D1EA3}
		{D6204109-3583-4CB7-9A12-256FCB984A4A} = {547F318E-8BE8-43D2-B34A-F7C24C7D1EA3}
		{E5ACE627-CDE2-46CD-92B1-0F1A15CA149D} = {547F318E-8BE8-43D2-B34A-F7C24C7D1EA3}
		{B369E181-45CB-40D1-B7A4-DB4FF9B1A48C} = {547F318E-8BE8-43D2-B34A-F7C24C7D1EA3}
		{F3E653C9-9853-4374-887B-35DBE599E45E} = {547F318E-8BE8-43D2-B34A-F7C24C7D1EA3}
		{087D8459-D881-4E9F-8E7E-8FBCADF88CF8} = {547F318E-8BE8-43D2-B34A-F7C24C7D1EA3}
		{A8D40E80-9D9B-405D-BE07-77CE8A1CF80B} = {547F318E-8BE8-43D2-B34A-F7C24C7D1EA3}
		{8FE38F2F-CE91-40F2-8DB2-890564BFED57} = {D831A92D-6FB8-4E28-A3AD-1E5DEB0D699C}
		{B507A9E1-4445-4C72-833D-41B6C7AD961B} = {8FE38F2F-CE91-40F2-8DB2-890564BFED57}
		{3F50CEF6-DBDF-4AC0-B52F-E8BAD1913DC6} = {8FE38F2F-CE91-40F2-8DB2-890564BFED57}
		{C83DFEE7-BFBE-4004-8B86-03F79E2C9C65} = {8FE38F2F-CE91-40F2-8DB2-890564BFED57}
		{77AA0FF5-B9C5-49FD-9C41-C3C71BA47289} = {8FE38F2F-CE91-40F2-8DB2-890564BFED57}
		{638EC15C-BCFD-4D04-A9E0-97831EE5B30F} = {8FE38F2F-CE91-40F2-8DB2-890564BFED57}
	EndGlobalSection
	GlobalSection(ExtensibilityGlobals) = postSolution
		SolutionGuid = {ECFA44F4-824C-4405-82F5-F62F2DCBCD5E}
	EndGlobalSection
EndGlobal
